<?xml version="1.0" encoding="utf-8"?>
<Project ToolsVersion="4.0" xmlns="http://schemas.microsoft.com/developer/msbuild/2003">
  <ItemGroup>
    <Filter Include="Source Files">
      <UniqueIdentifier>{4FC737F1-C7A5-4376-A066-2A32D752A2FF}</UniqueIdentifier>
      <Extensions>cpp;c;cc;cxx;c++;cppm;ixx;def;odl;idl;hpj;bat;asm;asmx</Extensions>
    </Filter>
    <Filter Include="Header Files">
      <UniqueIdentifier>{93995380-89BD-4b04-88EB-625FBE52EBFB}</UniqueIdentifier>
      <Extensions>h;hh;hpp;hxx;h++;hm;inl;inc;ipp;xsd</Extensions>
    </Filter>
    <Filter Include="Resource Files">
      <UniqueIdentifier>{67DA6AB6-F800-4c08-8B7A-83BB121AAD01}</UniqueIdentifier>
      <Extensions>rc;ico;cur;bmp;dlg;rc2;rct;bin;rgs;gif;jpg;jpeg;jpe;resx;tiff;tif;png;wav;mfcribbon-ms</Extensions>
    </Filter>
    <Filter Include="Source Files\kal">
      <UniqueIdentifier>{a9395dfe-5f54-4ea8-9760-9cb00695abf9}</UniqueIdentifier>
    </Filter>
  </ItemGroup>
  <ItemGroup>
    <ClCompile Include="main.cpp">
      <Filter>Source Files</Filter>
    </ClCompile>
    <ClCompile Include="mp3_grcTexture.cpp">
      <Filter>Source Files</Filter>
    </ClCompile>
    <ClCompile Include="X:\New folder\source\repos\libertyFourXYZW\libertyFourXYZ\rsc85_layout.cpp">
      <Filter>Source Files\kal</Filter>
    </ClCompile>
    <ClCompile Include="X:\New folder\source\repos\libertyFourXYZW\libertyFourXYZ\memory_manager.cpp">
      <Filter>Source Files\kal</Filter>
    </ClCompile>
    <ClCompile Include="X:\New folder\source\repos\libertyFourXYZW\libertyFourXYZ\rage_array.cpp">
      <Filter>Source Files\kal</Filter>
    </ClCompile>
    <ClCompile Include="X:\New folder\source\repos\libertyFourXYZW\libertyFourXYZ\rage_base.cpp">
      <Filter>Source Files\kal</Filter>
    </ClCompile>
    <ClCompile Include="X:\New folder\source\repos\libertyFourXYZW\libertyFourXYZ\rage_crBone.cpp">
      <Filter>Source Files\kal</Filter>
    </ClCompile>
    <ClCompile Include="X:\New folder\source\repos\libertyFourXYZW\libertyFourXYZ\rage_crSkeleton.cpp">
      <Filter>Source Files\kal</Filter>
    </ClCompile>
    <ClCompile Include="X:\New folder\source\repos\libertyFourXYZW\libertyFourXYZ\rage_datResource.cpp">
      <Filter>Source Files\kal</Filter>
    </ClCompile>
    <ClCompile Include="X:\New folder\source\repos\libertyFourXYZW\libertyFourXYZ\rage_float16.cpp">
      <Filter>Source Files\kal</Filter>
    </ClCompile>
    <ClCompile Include="X:\New folder\source\repos\libertyFourXYZW\libertyFourXYZ\rage_grcTexture.cpp">
      <Filter>Source Files\kal</Filter>
    </ClCompile>
    <ClCompile Include="X:\New folder\source\repos\libertyFourXYZW\libertyFourXYZ\rage_math.cpp">
      <Filter>Source Files\kal</Filter>
    </ClCompile>
    <ClCompile Include="X:\New folder\source\repos\libertyFourXYZW\libertyFourXYZ\rage_string.cpp">
      <Filter>Source Files\kal</Filter>
    </ClCompile>
    <ClCompile Include="X:\New folder\source\repos\libertyFourXYZW\libertyFourXYZ\trace.cpp">
      <Filter>Source Files\kal</Filter>
    </ClCompile>
    <ClCompile Include="X:\New folder\source\repos\libertyFourXYZW\libertyFourXYZ\utils.cpp">
      <Filter>Source Files\kal</Filter>
    </ClCompile>
    <ClCompile Include="X:\New folder\source\repos\libertyFourXYZW\libertyFourXYZ\dds.cpp">
      <Filter>Source Files\kal</Filter>
    </ClCompile>
    <ClCompile Include="X:\New folder\source\repos\libertyFourXYZW\libertyFourXYZ\setting.cpp">
      <Filter>Source Files\kal</Filter>
    </ClCompile>
    <ClCompile Include="X:\New folder\source\repos\libertyFourXYZW\libertyFourXYZ\globals.cpp">
      <Filter>Source Files\kal</Filter>
    </ClCompile>
    <ClCompile Include="wtd.cpp">
      <Filter>Source Files</Filter>
    </ClCompile>
  </ItemGroup>
  <ItemGroup>
    <ClInclude Include="mp3_grcTexture.h">
      <Filter>Source Files</Filter>
    </ClInclude>
    <ClInclude Include="wtd.h">
      <Filter>Source Files</Filter>
    </ClInclude>
    <ClInclude Include="resource.h">
      <Filter>Header Files</Filter>
    </ClInclude>
  </ItemGroup>
  <ItemGroup>
    <ResourceCompile Include="fftdc.rc">
      <Filter>Resource Files</Filter>
    </ResourceCompile>
  </ItemGroup>
</Project>